{
  "name": "js-opentimes",
  "lockfileVersion": 2,
  "requires": true,
  "packages": {
    "": {
      "dependencies": {
        "opening_hours": "^3.8.0"
      }
    },
    "node_modules/@babel/runtime": {
      "version": "7.19.4",
      "resolved": "https://registry.npmjs.org/@babel/runtime/-/runtime-7.19.4.tgz",
      "integrity": "sha512-EXpLCrk55f+cYqmHsSR+yD/0gAIMxxA9QK9lnQWzhMCvt+YmoBN7Zx94s++Kv0+unHk39vxNO8t+CMA2WSS3wA==",
      "dependencies": {
        "regenerator-runtime": "^0.13.4"
      },
      "engines": {
        "node": ">=6.9.0"
      }
    },
    "node_modules/i18next": {
      "version": "21.10.0",
      "resolved": "https://registry.npmjs.org/i18next/-/i18next-21.10.0.tgz",
      "integrity": "sha512-YeuIBmFsGjUfO3qBmMOc0rQaun4mIpGKET5WDwvu8lU7gvwpcariZLNtL0Fzj+zazcHUrlXHiptcFhBMFaxzfg==",
      "funding": [
        {
          "type": "individual",
          "url": "https://locize.com"
        },
        {
          "type": "individual",
          "url": "https://locize.com/i18next.html"
        },
        {
          "type": "individual",
          "url": "https://www.i18next.com/how-to/faq#i18next-is-awesome.-how-can-i-support-the-project"
        }
      ],
      "dependencies": {
        "@babel/runtime": "^7.17.2"
      }
    },
    "node_modules/i18next-browser-languagedetector": {
      "version": "6.1.8",
      "resolved": "https://registry.npmjs.org/i18next-browser-languagedetector/-/i18next-browser-languagedetector-6.1.8.tgz",
      "integrity": "sha512-Svm+MduCElO0Meqpj1kJAriTC6OhI41VhlT/A0UPjGoPZBhAHIaGE5EfsHlTpgdH09UVX7rcc72pSDDBeKSQQA==",
      "dependencies": {
        "@babel/runtime": "^7.19.0"
      }
    },
    "node_modules/opening_hours": {
      "version": "3.8.0",
      "resolved": "https://registry.npmjs.org/opening_hours/-/opening_hours-3.8.0.tgz",
      "integrity": "sha512-bRJroECQSe/itVcNmC3j9PPicxn/LBowdd1Hi+4Aa7hCswdt7w81WHfUwrEMbtk1BBYmGJEbSepl8oYYPviSuA==",
      "dependencies": {
        "i18next": "^21.8.3",
        "i18next-browser-languagedetector": "^6.1.4",
        "suncalc": "^1.9.0"
      },
      "engines": {
        "node": ">=10.0.0"
      }
    },
    "node_modules/regenerator-runtime": {
      "version": "0.13.9",
      "resolved": "https://registry.npmjs.org/regenerator-runtime/-/regenerator-runtime-0.13.9.tgz",
      "integrity": "sha512-p3VT+cOEgxFsRRA9X4lkI1E+k2/CtnKtU4gcxyaCUreilL/vqI6CdZ3wxVUx3UOUg+gnUOQQcRI7BmSI656MYA=="
    },
    "node_modules/suncalc": {
      "version": "1.9.0",
      "resolved": "https://registry.npmjs.org/suncalc/-/suncalc-1.9.0.tgz",
      "integrity": "sha512-vMJ8Byp1uIPoj+wb9c1AdK4jpkSKVAywgHX0lqY7zt6+EWRRC3Z+0Ucfjy/0yxTVO1hwwchZe4uoFNqrIC24+A=="
    }
  },
  "dependencies": {
    "@babel/runtime": {
      "version": "7.19.4",
      "resolved": "https://registry.npmjs.org/@babel/runtime/-/runtime-7.19.4.tgz",
      "integrity": "sha512-EXpLCrk55f+cYqmHsSR+yD/0gAIMxxA9QK9lnQWzhMCvt+YmoBN7Zx94s++Kv0+unHk39vxNO8t+CMA2WSS3wA==",
      "requires": {
        "regenerator-runtime": "^0.13.4"
      }
    },
    "i18next": {
      "version": "21.10.0",
      "resolved": "https://registry.npmjs.org/i18next/-/i18next-21.10.0.tgz",
      "integrity": "sha512-YeuIBmFsGjUfO3qBmMOc0rQaun4mIpGKET5WDwvu8lU7gvwpcariZLNtL0Fzj+zazcHUrlXHiptcFhBMFaxzfg==",
      "requires": {
        "@babel/runtime": "^7.17.2"
      }
    },
    "i18next-browser-languagedetector": {
      "version": "6.1.8",
      "resolved": "https://registry.npmjs.org/i18next-browser-languagedetector/-/i18next-browser-languagedetector-6.1.8.tgz",
      "integrity": "sha512-Svm+MduCElO0Meqpj1kJAriTC6OhI41VhlT/A0UPjGoPZBhAHIaGE5EfsHlTpgdH09UVX7rcc72pSDDBeKSQQA==",
      "requires": {
        "@babel/runtime": "^7.19.0"
      }
    },
    "opening_hours": {
      "version": "3.8.0",
      "resolved": "https://registry.npmjs.org/opening_hours/-/opening_hours-3.8.0.tgz",
      "integrity": "sha512-bRJroECQSe/itVcNmC3j9PPicxn/LBowdd1Hi+4Aa7hCswdt7w81WHfUwrEMbtk1BBYmGJEbSepl8oYYPviSuA==",
      "requires": {
        "i18next": "^21.8.3",
        "i18next-browser-languagedetector": "^6.1.4",
        "suncalc": "^1.9.0"
      }
    },
    "regenerator-runtime": {
      "version": "0.13.9",
      "resolved": "https://registry.npmjs.org/regenerator-runtime/-/regenerator-runtime-0.13.9.tgz",
      "integrity": "sha512-p3VT+cOEgxFsRRA9X4lkI1E+k2/CtnKtU4gcxyaCUreilL/vqI6CdZ3wxVUx3UOUg+gnUOQQcRI7BmSI656MYA=="
    },
    "suncalc": {
      "version": "1.9.0",
      "resolved": "https://registry.npmjs.org/suncalc/-/suncalc-1.9.0.tgz",
      "integrity": "sha512-vMJ8Byp1uIPoj+wb9c1AdK4jpkSKVAywgHX0lqY7zt6+EWRRC3Z+0Ucfjy/0yxTVO1hwwchZe4uoFNqrIC24+A=="
    }
  }
}
